// !$*UTF8*$!
{
	archiveVersion = 1;
	classes = {
	};
	objectVersion = 46;
	objects = {

/* Begin PBXBuildFile section */
		79242E1E16569A47006379D6 /* ID3Reader.m in Sources */ = {isa = PBXBuildFile; fileRef = 79242E1D16569A47006379D6 /* ID3Reader.m */; };
		79242E2016569BA3006379D6 /* AudioToolbox.framework in Frameworks */ = {isa = PBXBuildFile; fileRef = 79242E1F16569BA3006379D6 /* AudioToolbox.framework */; };
		795C20AE14377A3E00A61B21 /* Playlist.m in Sources */ = {isa = PBXBuildFile; fileRef = 795C20AD14377A3D00A61B21 /* Playlist.m */; };
		795C20CE14378D9600A61B21 /* TableSongsDataSource.m in Sources */ = {isa = PBXBuildFile; fileRef = 795C20CD14378D9600A61B21 /* TableSongsDataSource.m */; };
		798643A61437123500F07CDF /* Song.m in Sources */ = {isa = PBXBuildFile; fileRef = 798643A51437123500F07CDF /* Song.m */; };
		79AF97EB145305C200BE8391 /* Player.m in Sources */ = {isa = PBXBuildFile; fileRef = 79AF97EA145305C200BE8391 /* Player.m */; };
		79B3706D149D21EA003372CB /* LastFM.m in Sources */ = {isa = PBXBuildFile; fileRef = 79B3706C149D21EA003372CB /* LastFM.m */; };
		79C2ACB5144AB39200C2699B /* PlaylistManager.m in Sources */ = {isa = PBXBuildFile; fileRef = 79C2ACB4144AB39200C2699B /* PlaylistManager.m */; };
		79C2ACB8144AB46A00C2699B /* Playlists.plist in Resources */ = {isa = PBXBuildFile; fileRef = 79C2ACB7144AB46A00C2699B /* Playlists.plist */; };
		79D5760F1431074D00A2DA67 /* icon.icns in Resources */ = {isa = PBXBuildFile; fileRef = 79D5760E1431074D00A2DA67 /* icon.icns */; };
		79D8FFED149DE5A3009B8955 /* Carbon.framework in Frameworks */ = {isa = PBXBuildFile; fileRef = 79D8FFEC149DE5A3009B8955 /* Carbon.framework */; };
		79F5BC1014363BE10040DF35 /* OutlineViewDataSource.m in Sources */ = {isa = PBXBuildFile; fileRef = 79F5BC0F14363BE10040DF35 /* OutlineViewDataSource.m */; };
		79FF13FB142F18A500E27235 /* Cocoa.framework in Frameworks */ = {isa = PBXBuildFile; fileRef = 79FF13FA142F18A500E27235 /* Cocoa.framework */; };
		79FF1405142F18A500E27235 /* InfoPlist.strings in Resources */ = {isa = PBXBuildFile; fileRef = 79FF1403142F18A500E27235 /* InfoPlist.strings */; };
		79FF1407142F18A500E27235 /* main.m in Sources */ = {isa = PBXBuildFile; fileRef = 79FF1406142F18A500E27235 /* main.m */; };
		79FF140B142F18A500E27235 /* Credits.rtf in Resources */ = {isa = PBXBuildFile; fileRef = 79FF1409142F18A500E27235 /* Credits.rtf */; };
		79FF140E142F18A500E27235 /* MartinAppDelegate.m in Sources */ = {isa = PBXBuildFile; fileRef = 79FF140D142F18A500E27235 /* MartinAppDelegate.m */; };
		79FF1411142F18A500E27235 /* MainMenu.xib in Resources */ = {isa = PBXBuildFile; fileRef = 79FF140F142F18A500E27235 /* MainMenu.xib */; };
		79FF141C142F1ABB00E27235 /* TreeNode.m in Sources */ = {isa = PBXBuildFile; fileRef = 79FF141B142F1ABB00E27235 /* TreeNode.m */; };
		79FF141F142F1CF700E27235 /* TreeLeaf.m in Sources */ = {isa = PBXBuildFile; fileRef = 79FF141E142F1CF700E27235 /* TreeLeaf.m */; };
		79FF1422142F1DB100E27235 /* LibManager.m in Sources */ = {isa = PBXBuildFile; fileRef = 79FF1421142F1DB100E27235 /* LibManager.m */; };
		79FF142E142F217000E27235 /* martin.lib in Resources */ = {isa = PBXBuildFile; fileRef = 79FF142D142F217000E27235 /* martin.lib */; };
/* End PBXBuildFile section */

/* Begin PBXFileReference section */
		79242E1C16569A47006379D6 /* ID3Reader.h */ = {isa = PBXFileReference; fileEncoding = 4; lastKnownFileType = sourcecode.c.h; path = ID3Reader.h; sourceTree = "<group>"; };
		79242E1D16569A47006379D6 /* ID3Reader.m */ = {isa = PBXFileReference; fileEncoding = 4; lastKnownFileType = sourcecode.c.objc; path = ID3Reader.m; sourceTree = "<group>"; };
		79242E1F16569BA3006379D6 /* AudioToolbox.framework */ = {isa = PBXFileReference; lastKnownFileType = wrapper.framework; name = AudioToolbox.framework; path = System/Library/Frameworks/AudioToolbox.framework; sourceTree = SDKROOT; };
		795C20AC14377A3D00A61B21 /* Playlist.h */ = {isa = PBXFileReference; fileEncoding = 4; lastKnownFileType = sourcecode.c.h; path = Playlist.h; sourceTree = "<group>"; };
		795C20AD14377A3D00A61B21 /* Playlist.m */ = {isa = PBXFileReference; fileEncoding = 4; lastKnownFileType = sourcecode.c.objc; path = Playlist.m; sourceTree = "<group>"; };
		795C20CC14378D9600A61B21 /* TableSongsDataSource.h */ = {isa = PBXFileReference; fileEncoding = 4; lastKnownFileType = sourcecode.c.h; path = TableSongsDataSource.h; sourceTree = "<group>"; };
		795C20CD14378D9600A61B21 /* TableSongsDataSource.m */ = {isa = PBXFileReference; fileEncoding = 4; lastKnownFileType = sourcecode.c.objc; path = TableSongsDataSource.m; sourceTree = "<group>"; };
		798643A41437123500F07CDF /* Song.h */ = {isa = PBXFileReference; fileEncoding = 4; lastKnownFileType = sourcecode.c.h; name = Song.h; path = ../Song.h; sourceTree = "<group>"; };
		798643A51437123500F07CDF /* Song.m */ = {isa = PBXFileReference; fileEncoding = 4; lastKnownFileType = sourcecode.c.objc; name = Song.m; path = ../Song.m; sourceTree = "<group>"; };
		79AF97E9145305C200BE8391 /* Player.h */ = {isa = PBXFileReference; fileEncoding = 4; lastKnownFileType = sourcecode.c.h; path = Player.h; sourceTree = "<group>"; };
		79AF97EA145305C200BE8391 /* Player.m */ = {isa = PBXFileReference; fileEncoding = 4; lastKnownFileType = sourcecode.c.objc; path = Player.m; sourceTree = "<group>"; };
		79B3706B149D21EA003372CB /* LastFM.h */ = {isa = PBXFileReference; fileEncoding = 4; lastKnownFileType = sourcecode.c.h; path = LastFM.h; sourceTree = "<group>"; };
		79B3706C149D21EA003372CB /* LastFM.m */ = {isa = PBXFileReference; fileEncoding = 4; lastKnownFileType = sourcecode.c.objc; path = LastFM.m; sourceTree = "<group>"; };
		79C2ACB3144AB39200C2699B /* PlaylistManager.h */ = {isa = PBXFileReference; fileEncoding = 4; lastKnownFileType = sourcecode.c.h; path = PlaylistManager.h; sourceTree = "<group>"; };
		79C2ACB4144AB39200C2699B /* PlaylistManager.m */ = {isa = PBXFileReference; fileEncoding = 4; lastKnownFileType = sourcecode.c.objc; path = PlaylistManager.m; sourceTree = "<group>"; };
		79C2ACB7144AB46A00C2699B /* Playlists.plist */ = {isa = PBXFileReference; fileEncoding = 4; lastKnownFileType = text.plist.xml; path = Playlists.plist; sourceTree = "<group>"; };
		79D5760E1431074D00A2DA67 /* icon.icns */ = {isa = PBXFileReference; lastKnownFileType = image.icns; name = icon.icns; path = ../icon.icns; sourceTree = "<group>"; };
		79D8FFEC149DE5A3009B8955 /* Carbon.framework */ = {isa = PBXFileReference; lastKnownFileType = wrapper.framework; name = Carbon.framework; path = System/Library/Frameworks/Carbon.framework; sourceTree = SDKROOT; };
		79F5BC0E14363BE10040DF35 /* OutlineViewDataSource.h */ = {isa = PBXFileReference; fileEncoding = 4; lastKnownFileType = sourcecode.c.h; path = OutlineViewDataSource.h; sourceTree = "<group>"; };
		79F5BC0F14363BE10040DF35 /* OutlineViewDataSource.m */ = {isa = PBXFileReference; fileEncoding = 4; lastKnownFileType = sourcecode.c.objc; path = OutlineViewDataSource.m; sourceTree = "<group>"; };
		79FF13F6142F18A500E27235 /* Martin.app */ = {isa = PBXFileReference; explicitFileType = wrapper.application; includeInIndex = 0; path = Martin.app; sourceTree = BUILT_PRODUCTS_DIR; };
		79FF13FA142F18A500E27235 /* Cocoa.framework */ = {isa = PBXFileReference; lastKnownFileType = wrapper.framework; name = Cocoa.framework; path = System/Library/Frameworks/Cocoa.framework; sourceTree = SDKROOT; };
		79FF13FD142F18A500E27235 /* AppKit.framework */ = {isa = PBXFileReference; lastKnownFileType = wrapper.framework; name = AppKit.framework; path = System/Library/Frameworks/AppKit.framework; sourceTree = SDKROOT; };
		79FF13FE142F18A500E27235 /* CoreData.framework */ = {isa = PBXFileReference; lastKnownFileType = wrapper.framework; name = CoreData.framework; path = System/Library/Frameworks/CoreData.framework; sourceTree = SDKROOT; };
		79FF13FF142F18A500E27235 /* Foundation.framework */ = {isa = PBXFileReference; lastKnownFileType = wrapper.framework; name = Foundation.framework; path = System/Library/Frameworks/Foundation.framework; sourceTree = SDKROOT; };
		79FF1402142F18A500E27235 /* Martin-Info.plist */ = {isa = PBXFileReference; lastKnownFileType = text.plist.xml; path = "Martin-Info.plist"; sourceTree = "<group>"; };
		79FF1404142F18A500E27235 /* en */ = {isa = PBXFileReference; lastKnownFileType = text.plist.strings; name = en; path = en.lproj/InfoPlist.strings; sourceTree = "<group>"; };
		79FF1406142F18A500E27235 /* main.m */ = {isa = PBXFileReference; lastKnownFileType = sourcecode.c.objc; path = main.m; sourceTree = "<group>"; };
		79FF1408142F18A500E27235 /* Martin-Prefix.pch */ = {isa = PBXFileReference; lastKnownFileType = sourcecode.c.h; path = "Martin-Prefix.pch"; sourceTree = "<group>"; };
		79FF140A142F18A500E27235 /* en */ = {isa = PBXFileReference; lastKnownFileType = text.rtf; name = en; path = en.lproj/Credits.rtf; sourceTree = "<group>"; };
		79FF140C142F18A500E27235 /* MartinAppDelegate.h */ = {isa = PBXFileReference; lastKnownFileType = sourcecode.c.h; path = MartinAppDelegate.h; sourceTree = "<group>"; };
		79FF140D142F18A500E27235 /* MartinAppDelegate.m */ = {isa = PBXFileReference; lastKnownFileType = sourcecode.c.objc; path = MartinAppDelegate.m; sourceTree = "<group>"; };
		79FF1410142F18A500E27235 /* en */ = {isa = PBXFileReference; lastKnownFileType = file.xib; name = en; path = en.lproj/MainMenu.xib; sourceTree = "<group>"; };
		79FF141A142F1ABB00E27235 /* TreeNode.h */ = {isa = PBXFileReference; fileEncoding = 4; lastKnownFileType = sourcecode.c.h; path = TreeNode.h; sourceTree = "<group>"; };
		79FF141B142F1ABB00E27235 /* TreeNode.m */ = {isa = PBXFileReference; fileEncoding = 4; lastKnownFileType = sourcecode.c.objc; path = TreeNode.m; sourceTree = "<group>"; };
		79FF141D142F1CF700E27235 /* TreeLeaf.h */ = {isa = PBXFileReference; fileEncoding = 4; lastKnownFileType = sourcecode.c.h; path = TreeLeaf.h; sourceTree = "<group>"; };
		79FF141E142F1CF700E27235 /* TreeLeaf.m */ = {isa = PBXFileReference; fileEncoding = 4; lastKnownFileType = sourcecode.c.objc; path = TreeLeaf.m; sourceTree = "<group>"; };
		79FF1420142F1DB100E27235 /* LibManager.h */ = {isa = PBXFileReference; fileEncoding = 4; lastKnownFileType = sourcecode.c.h; path = LibManager.h; sourceTree = "<group>"; };
		79FF1421142F1DB100E27235 /* LibManager.m */ = {isa = PBXFileReference; fileEncoding = 4; lastKnownFileType = sourcecode.c.objc; path = LibManager.m; sourceTree = "<group>"; };
		79FF142D142F217000E27235 /* martin.lib */ = {isa = PBXFileReference; fileEncoding = 4; lastKnownFileType = text; name = martin.lib; path = ../library/martin.lib; sourceTree = "<group>"; };
/* End PBXFileReference section */

/* Begin PBXFrameworksBuildPhase section */
		79FF13F3142F18A500E27235 /* Frameworks */ = {
			isa = PBXFrameworksBuildPhase;
			buildActionMask = 2147483647;
			files = (
				79242E2016569BA3006379D6 /* AudioToolbox.framework in Frameworks */,
				79D8FFED149DE5A3009B8955 /* Carbon.framework in Frameworks */,
				79FF13FB142F18A500E27235 /* Cocoa.framework in Frameworks */,
			);
			runOnlyForDeploymentPostprocessing = 0;
		};
/* End PBXFrameworksBuildPhase section */

/* Begin PBXGroup section */
		79B37069149D21C9003372CB /* LastFm */ = {
			isa = PBXGroup;
			children = (
				79B3706B149D21EA003372CB /* LastFM.h */,
				79B3706C149D21EA003372CB /* LastFM.m */,
			);
			name = LastFm;
			sourceTree = "<group>";
		};
		79C2ACB9144AB47D00C2699B /* Controller */ = {
			isa = PBXGroup;
			children = (
				79FF1420142F1DB100E27235 /* LibManager.h */,
				79FF1421142F1DB100E27235 /* LibManager.m */,
				79F5BC0E14363BE10040DF35 /* OutlineViewDataSource.h */,
				79F5BC0F14363BE10040DF35 /* OutlineViewDataSource.m */,
				795C20CC14378D9600A61B21 /* TableSongsDataSource.h */,
				795C20CD14378D9600A61B21 /* TableSongsDataSource.m */,
				79FF140C142F18A500E27235 /* MartinAppDelegate.h */,
				79FF140D142F18A500E27235 /* MartinAppDelegate.m */,
				79AF97E9145305C200BE8391 /* Player.h */,
				79AF97EA145305C200BE8391 /* Player.m */,
				79C2ACB3144AB39200C2699B /* PlaylistManager.h */,
				79C2ACB4144AB39200C2699B /* PlaylistManager.m */,
				79242E1C16569A47006379D6 /* ID3Reader.h */,
				79242E1D16569A47006379D6 /* ID3Reader.m */,
			);
			name = Controller;
			sourceTree = "<group>";
		};
		79C2ACBA144AB48C00C2699B /* Resources */ = {
			isa = PBXGroup;
			children = (
				79D5760E1431074D00A2DA67 /* icon.icns */,
				79FF142D142F217000E27235 /* martin.lib */,
				79C2ACB7144AB46A00C2699B /* Playlists.plist */,
				79FF140F142F18A500E27235 /* MainMenu.xib */,
			);
			name = Resources;
			sourceTree = "<group>";
		};
		79FF13EB142F18A400E27235 = {
			isa = PBXGroup;
			children = (
				79FF1400142F18A500E27235 /* Martin */,
				79FF13F9142F18A500E27235 /* Frameworks */,
				79FF13F7142F18A500E27235 /* Products */,
			);
			sourceTree = "<group>";
		};
		79FF13F7142F18A500E27235 /* Products */ = {
			isa = PBXGroup;
			children = (
				79FF13F6142F18A500E27235 /* Martin.app */,
			);
			name = Products;
			sourceTree = "<group>";
		};
		79FF13F9142F18A500E27235 /* Frameworks */ = {
			isa = PBXGroup;
			children = (
				79242E1F16569BA3006379D6 /* AudioToolbox.framework */,
				79FF13FD142F18A500E27235 /* AppKit.framework */,
				79FF13FE142F18A500E27235 /* CoreData.framework */,
				79FF13FF142F18A500E27235 /* Foundation.framework */,
				79D8FFEC149DE5A3009B8955 /* Carbon.framework */,
				79FF13FA142F18A500E27235 /* Cocoa.framework */,
			);
			name = Frameworks;
			sourceTree = "<group>";
		};
		79FF1400142F18A500E27235 /* Martin */ = {
			isa = PBXGroup;
			children = (
				79B37069149D21C9003372CB /* LastFm */,
				79C2ACB9144AB47D00C2699B /* Controller */,
				79FF1417142F18BA00E27235 /* Model */,
				79C2ACBA144AB48C00C2699B /* Resources */,
				79FF1401142F18A500E27235 /* Supporting Files */,
			);
			path = Martin;
			sourceTree = "<group>";
		};
		79FF1401142F18A500E27235 /* Supporting Files */ = {
			isa = PBXGroup;
			children = (
				79FF1402142F18A500E27235 /* Martin-Info.plist */,
				79FF1403142F18A500E27235 /* InfoPlist.strings */,
				79FF1406142F18A500E27235 /* main.m */,
				79FF1408142F18A500E27235 /* Martin-Prefix.pch */,
				79FF1409142F18A500E27235 /* Credits.rtf */,
			);
			name = "Supporting Files";
			sourceTree = "<group>";
		};
		79FF1417142F18BA00E27235 /* Model */ = {
			isa = PBXGroup;
			children = (
				798643A41437123500F07CDF /* Song.h */,
				798643A51437123500F07CDF /* Song.m */,
				79FF141A142F1ABB00E27235 /* TreeNode.h */,
				79FF141B142F1ABB00E27235 /* TreeNode.m */,
				79FF141D142F1CF700E27235 /* TreeLeaf.h */,
				79FF141E142F1CF700E27235 /* TreeLeaf.m */,
				795C20AC14377A3D00A61B21 /* Playlist.h */,
				795C20AD14377A3D00A61B21 /* Playlist.m */,
			);
			name = Model;
			sourceTree = "<group>";
		};
/* End PBXGroup section */

/* Begin PBXNativeTarget section */
		79FF13F5142F18A500E27235 /* Martin */ = {
			isa = PBXNativeTarget;
			buildConfigurationList = 79FF1414142F18A500E27235 /* Build configuration list for PBXNativeTarget "Martin" */;
			buildPhases = (
				79FF13F2142F18A500E27235 /* Sources */,
				79FF13F3142F18A500E27235 /* Frameworks */,
				79FF13F4142F18A500E27235 /* Resources */,
			);
			buildRules = (
			);
			dependencies = (
			);
			name = Martin;
			productName = Martin;
			productReference = 79FF13F6142F18A500E27235 /* Martin.app */;
			productType = "com.apple.product-type.application";
		};
/* End PBXNativeTarget section */

/* Begin PBXProject section */
		79FF13ED142F18A400E27235 /* Project object */ = {
			isa = PBXProject;
			attributes = {
				LastUpgradeCheck = 0420;
			};
			buildConfigurationList = 79FF13F0142F18A400E27235 /* Build configuration list for PBXProject "Martin" */;
			compatibilityVersion = "Xcode 3.2";
			developmentRegion = English;
			hasScannedForEncodings = 0;
			knownRegions = (
				en,
			);
			mainGroup = 79FF13EB142F18A400E27235;
			productRefGroup = 79FF13F7142F18A500E27235 /* Products */;
			projectDirPath = "";
			projectRoot = "";
			targets = (
				79FF13F5142F18A500E27235 /* Martin */,
			);
		};
/* End PBXProject section */

/* Begin PBXResourcesBuildPhase section */
		79FF13F4142F18A500E27235 /* Resources */ = {
			isa = PBXResourcesBuildPhase;
			buildActionMask = 2147483647;
			files = (
				79FF1405142F18A500E27235 /* InfoPlist.strings in Resources */,
				79FF140B142F18A500E27235 /* Credits.rtf in Resources */,
				79FF1411142F18A500E27235 /* MainMenu.xib in Resources */,
				79FF142E142F217000E27235 /* martin.lib in Resources */,
				79D5760F1431074D00A2DA67 /* icon.icns in Resources */,
				79C2ACB8144AB46A00C2699B /* Playlists.plist in Resources */,
			);
			runOnlyForDeploymentPostprocessing = 0;
		};
/* End PBXResourcesBuildPhase section */

/* Begin PBXSourcesBuildPhase section */
		79FF13F2142F18A500E27235 /* Sources */ = {
			isa = PBXSourcesBuildPhase;
			buildActionMask = 2147483647;
			files = (
				79FF1407142F18A500E27235 /* main.m in Sources */,
				79FF140E142F18A500E27235 /* MartinAppDelegate.m in Sources */,
				79FF141C142F1ABB00E27235 /* TreeNode.m in Sources */,
				79FF141F142F1CF700E27235 /* TreeLeaf.m in Sources */,
				79FF1422142F1DB100E27235 /* LibManager.m in Sources */,
				79F5BC1014363BE10040DF35 /* OutlineViewDataSource.m in Sources */,
				798643A61437123500F07CDF /* Song.m in Sources */,
				795C20AE14377A3E00A61B21 /* Playlist.m in Sources */,
				795C20CE14378D9600A61B21 /* TableSongsDataSource.m in Sources */,
				79C2ACB5144AB39200C2699B /* PlaylistManager.m in Sources */,
				79AF97EB145305C200BE8391 /* Player.m in Sources */,
				79B3706D149D21EA003372CB /* LastFM.m in Sources */,
				79242E1E16569A47006379D6 /* ID3Reader.m in Sources */,
			);
			runOnlyForDeploymentPostprocessing = 0;
		};
/* End PBXSourcesBuildPhase section */

/* Begin PBXVariantGroup section */
		79FF1403142F18A500E27235 /* InfoPlist.strings */ = {
			isa = PBXVariantGroup;
			children = (
				79FF1404142F18A500E27235 /* en */,
			);
			name = InfoPlist.strings;
			sourceTree = "<group>";
		};
		79FF1409142F18A500E27235 /* Credits.rtf */ = {
			isa = PBXVariantGroup;
			children = (
				79FF140A142F18A500E27235 /* en */,
			);
			name = Credits.rtf;
			sourceTree = "<group>";
		};
		79FF140F142F18A500E27235 /* MainMenu.xib */ = {
			isa = PBXVariantGroup;
			children = (
				79FF1410142F18A500E27235 /* en */,
			);
			name = MainMenu.xib;
			sourceTree = "<group>";
		};
/* End PBXVariantGroup section */

/* Begin XCBuildConfiguration section */
		79FF1412142F18A500E27235 /* Debug */ = {
			isa = XCBuildConfiguration;
			buildSettings = {
				ALWAYS_SEARCH_USER_PATHS = NO;
				ARCHS = "$(ARCHS_STANDARD_64_BIT)";
				COPY_PHASE_STRIP = NO;
				GCC_C_LANGUAGE_STANDARD = gnu99;
				GCC_DYNAMIC_NO_PIC = NO;
				GCC_ENABLE_OBJC_EXCEPTIONS = YES;
				GCC_OPTIMIZATION_LEVEL = 0;
				GCC_PREPROCESSOR_DEFINITIONS = (
					"DEBUG=1",
					"$(inherited)",
				);
				GCC_SYMBOLS_PRIVATE_EXTERN = NO;
				GCC_VERSION = com.apple.compilers.llvm.clang.1_0;
				GCC_WARN_64_TO_32_BIT_CONVERSION = YES;
				GCC_WARN_ABOUT_MISSING_PROTOTYPES = YES;
				GCC_WARN_ABOUT_RETURN_TYPE = YES;
				GCC_WARN_UNUSED_VARIABLE = YES;
				MACOSX_DEPLOYMENT_TARGET = 10.7;
				ONLY_ACTIVE_ARCH = YES;
				SDKROOT = macosx;
			};
			name = Debug;
		};
		79FF1413142F18A500E27235 /* Release */ = {
			isa = XCBuildConfiguration;
			buildSettings = {
				ALWAYS_SEARCH_USER_PATHS = NO;
				ARCHS = "$(ARCHS_STANDARD_64_BIT)";
				COPY_PHASE_STRIP = YES;
				DEBUG_INFORMATION_FORMAT = "dwarf-with-dsym";
				GCC_C_LANGUAGE_STANDARD = gnu99;
				GCC_ENABLE_OBJC_EXCEPTIONS = YES;
				GCC_VERSION = com.apple.compilers.llvm.clang.1_0;
				GCC_WARN_64_TO_32_BIT_CONVERSION = YES;
				GCC_WARN_ABOUT_MISSING_PROTOTYPES = YES;
				GCC_WARN_ABOUT_RETURN_TYPE = YES;
				GCC_WARN_UNUSED_VARIABLE = YES;
				MACOSX_DEPLOYMENT_TARGET = 10.7;
				SDKROOT = macosx;
			};
			name = Release;
		};
		79FF1415142F18A500E27235 /* Debug */ = {
			isa = XCBuildConfiguration;
			buildSettings = {
				CLANG_ENABLE_OBJC_ARC = YES;
				GCC_ENABLE_OBJC_GC = unsupported;
				GCC_PRECOMPILE_PREFIX_HEADER = YES;
				GCC_PREFIX_HEADER = "Martin/Martin-Prefix.pch";
				INFOPLIST_FILE = "Martin/Martin-Info.plist";
				PRODUCT_NAME = "$(TARGET_NAME)";
				WRAPPER_EXTENSION = app;
			};
			name = Debug;
		};
		79FF1416142F18A500E27235 /* Release */ = {
			isa = XCBuildConfiguration;
			buildSettings = {
				CLANG_ENABLE_OBJC_ARC = YES;
				GCC_ENABLE_OBJC_GC = unsupported;
				GCC_PRECOMPILE_PREFIX_HEADER = YES;
				GCC_PREFIX_HEADER = "Martin/Martin-Prefix.pch";
				INFOPLIST_FILE = "Martin/Martin-Info.plist";
				PRODUCT_NAME = "$(TARGET_NAME)";
				WRAPPER_EXTENSION = app;
			};
			name = Release;
		};
/* End XCBuildConfiguration section */

/* Begin XCConfigurationList section */
		79FF13F0142F18A400E27235 /* Build configuration list for PBXProject "Martin" */ = {
			isa = XCConfigurationList;
			buildConfigurations = (
				79FF1412142F18A500E27235 /* Debug */,
				79FF1413142F18A500E27235 /* Release */,
			);
			defaultConfigurationIsVisible = 0;
			defaultConfigurationName = Release;
		};
		79FF1414142F18A500E27235 /* Build configuration list for PBXNativeTarget "Martin" */ = {
			isa = XCConfigurationList;
			buildConfigurations = (
				79FF1415142F18A500E27235 /* Debug */,
				79FF1416142F18A500E27235 /* Release */,
			);
			defaultConfigurationIsVisible = 0;
			defaultConfigurationName = Release;
		};
/* End XCConfigurationList section */
	};
	rootObject = 79FF13ED142F18A400E27235 /* Project object */;
}
