// !$*UTF8*$!
{
	archiveVersion = 1;
	classes = {
	};
	objectVersion = 46;
	objects = {

/* Begin PBXBuildFile section */
		7904597E168D7D0900FE0B68 /* TreeStateManager.m in Sources */ = {isa = PBXBuildFile; fileRef = 7904597D168D7D0900FE0B68 /* TreeStateManager.m */; };
		790705B61698791700477903 /* PlaylistsTableView.m in Sources */ = {isa = PBXBuildFile; fileRef = 790705B51698791700477903 /* PlaylistsTableView.m */; };
		7909CEA1167DBDE90011E6A3 /* IOKit.framework in Frameworks */ = {isa = PBXBuildFile; fileRef = 7909CEA0167DBDE80011E6A3 /* IOKit.framework */; };
		79242E1E16569A47006379D6 /* ID3Reader.m in Sources */ = {isa = PBXBuildFile; fileRef = 79242E1D16569A47006379D6 /* ID3Reader.m */; };
		79242E2016569BA3006379D6 /* AudioToolbox.framework in Frameworks */ = {isa = PBXBuildFile; fileRef = 79242E1F16569BA3006379D6 /* AudioToolbox.framework */; };
		79242E231656AB1C006379D6 /* LibraryFolder.m in Sources */ = {isa = PBXBuildFile; fileRef = 79242E221656AB1C006379D6 /* LibraryFolder.m */; };
		79242E301656B0CF006379D6 /* PreferencesWindowController.m in Sources */ = {isa = PBXBuildFile; fileRef = 79242E2E1656B0CF006379D6 /* PreferencesWindowController.m */; };
		79242E311656B0CF006379D6 /* PreferencesWindowController.xib in Resources */ = {isa = PBXBuildFile; fileRef = 79242E2F1656B0CF006379D6 /* PreferencesWindowController.xib */; };
		792DC197166B5D390003E664 /* Tags.m in Sources */ = {isa = PBXBuildFile; fileRef = 792DC196166B5D390003E664 /* Tags.m */; settings = {COMPILER_FLAGS = "-fno-objc-arc"; }; };
		792DC19B166B6E5D0003E664 /* Tree.mm in Sources */ = {isa = PBXBuildFile; fileRef = 792DC19A166B6E5D0003E664 /* Tree.mm */; settings = {COMPILER_FLAGS = "-fno-objc-arc"; }; };
		795C20AE14377A3E00A61B21 /* Playlist.mm in Sources */ = {isa = PBXBuildFile; fileRef = 795C20AD14377A3D00A61B21 /* Playlist.mm */; };
		795C20CE14378D9600A61B21 /* PlaylistTableManager.m in Sources */ = {isa = PBXBuildFile; fileRef = 795C20CD14378D9600A61B21 /* PlaylistTableManager.m */; };
		799EF5ED16884D7000AD3A67 /* RescanProxy.m in Sources */ = {isa = PBXBuildFile; fileRef = 799EF5EC16884D7000AD3A67 /* RescanProxy.m */; settings = {COMPILER_FLAGS = "-fno-objc-arc"; }; };
		79AF97EB145305C200BE8391 /* Player.m in Sources */ = {isa = PBXBuildFile; fileRef = 79AF97EA145305C200BE8391 /* Player.m */; };
		79B3706D149D21EA003372CB /* LastFM.m in Sources */ = {isa = PBXBuildFile; fileRef = 79B3706C149D21EA003372CB /* LastFM.m */; };
		79C2ACB5144AB39200C2699B /* PlaylistManager.m in Sources */ = {isa = PBXBuildFile; fileRef = 79C2ACB4144AB39200C2699B /* PlaylistManager.m */; };
		79D5760F1431074D00A2DA67 /* icon.icns in Resources */ = {isa = PBXBuildFile; fileRef = 79D5760E1431074D00A2DA67 /* icon.icns */; };
		79D63C65168C438100A248F9 /* RescanState.m in Sources */ = {isa = PBXBuildFile; fileRef = 79D63C64168C438100A248F9 /* RescanState.m */; };
		79D63C69168C88F900A248F9 /* DefaultsManager.m in Sources */ = {isa = PBXBuildFile; fileRef = 79D63C68168C88F900A248F9 /* DefaultsManager.m */; };
		79D83065168EE0F50000C8EF /* PlaylistPersistence.m in Sources */ = {isa = PBXBuildFile; fileRef = 79D83064168EE0F50000C8EF /* PlaylistPersistence.m */; };
		79D83069168EE1530000C8EF /* ResourcePath.m in Sources */ = {isa = PBXBuildFile; fileRef = 79D83068168EE1530000C8EF /* ResourcePath.m */; };
		79D8FFED149DE5A3009B8955 /* Carbon.framework in Frameworks */ = {isa = PBXBuildFile; fileRef = 79D8FFEC149DE5A3009B8955 /* Carbon.framework */; };
		79DCB7AA165FFB3B00077082 /* FilePlayer.m in Sources */ = {isa = PBXBuildFile; fileRef = 79DCB7A9165FFB3B00077082 /* FilePlayer.m */; };
		79DEAD62165BD81C0017E4DD /* PlaylistItem.mm in Sources */ = {isa = PBXBuildFile; fileRef = 79DEAD61165BD81C0017E4DD /* PlaylistItem.mm */; };
		79E98E1A1679A65B00559F14 /* TagsUtils.mm in Sources */ = {isa = PBXBuildFile; fileRef = 79E98E191679A65B00559F14 /* TagsUtils.mm */; };
		79EBAA9116B834240038BC0F /* GlobalShortcuts.m in Sources */ = {isa = PBXBuildFile; fileRef = 79EBAA9016B834240038BC0F /* GlobalShortcuts.m */; };
		79EDE63A1678EB6A0060F9F9 /* CoreServices.framework in Frameworks */ = {isa = PBXBuildFile; fileRef = 79EDE6391678EB6A0060F9F9 /* CoreServices.framework */; };
		79EDE63E1678EB9A0060F9F9 /* FolderWatcher.m in Sources */ = {isa = PBXBuildFile; fileRef = 79EDE63D1678EB9A0060F9F9 /* FolderWatcher.m */; settings = {COMPILER_FLAGS = "-fno-objc-arc"; }; };
		79F5BC1014363BE10040DF35 /* LibraryOutlineViewManager.m in Sources */ = {isa = PBXBuildFile; fileRef = 79F5BC0F14363BE10040DF35 /* LibraryOutlineViewManager.m */; };
		79F69EAF169969B400693CE5 /* DragDataConverter.m in Sources */ = {isa = PBXBuildFile; fileRef = 79F69EAE169969B400693CE5 /* DragDataConverter.m */; };
		79F69EB21699731200693CE5 /* NSObject+Observe.m in Sources */ = {isa = PBXBuildFile; fileRef = 79F69EB11699731200693CE5 /* NSObject+Observe.m */; };
		79F69EB9169999CD00693CE5 /* ShortcutBinder.m in Sources */ = {isa = PBXBuildFile; fileRef = 79F69EB8169999CD00693CE5 /* ShortcutBinder.m */; };
		79FF13FB142F18A500E27235 /* Cocoa.framework in Frameworks */ = {isa = PBXBuildFile; fileRef = 79FF13FA142F18A500E27235 /* Cocoa.framework */; };
		79FF1405142F18A500E27235 /* InfoPlist.strings in Resources */ = {isa = PBXBuildFile; fileRef = 79FF1403142F18A500E27235 /* InfoPlist.strings */; };
		79FF1407142F18A500E27235 /* main.m in Sources */ = {isa = PBXBuildFile; fileRef = 79FF1406142F18A500E27235 /* main.m */; };
		79FF140B142F18A500E27235 /* Credits.rtf in Resources */ = {isa = PBXBuildFile; fileRef = 79FF1409142F18A500E27235 /* Credits.rtf */; };
		79FF140E142F18A500E27235 /* MartinAppDelegate.m in Sources */ = {isa = PBXBuildFile; fileRef = 79FF140D142F18A500E27235 /* MartinAppDelegate.m */; };
		79FF1411142F18A500E27235 /* MainMenu.xib in Resources */ = {isa = PBXBuildFile; fileRef = 79FF140F142F18A500E27235 /* MainMenu.xib */; };
		79FF1422142F1DB100E27235 /* LibManager.mm in Sources */ = {isa = PBXBuildFile; fileRef = 79FF1421142F1DB100E27235 /* LibManager.mm */; settings = {COMPILER_FLAGS = "-fno-objc-arc"; }; };
/* End PBXBuildFile section */

/* Begin PBXFileReference section */
		7904597C168D7D0800FE0B68 /* TreeStateManager.h */ = {isa = PBXFileReference; fileEncoding = 4; lastKnownFileType = sourcecode.c.h; path = TreeStateManager.h; sourceTree = "<group>"; };
		7904597D168D7D0900FE0B68 /* TreeStateManager.m */ = {isa = PBXFileReference; fileEncoding = 4; lastKnownFileType = sourcecode.c.objc; path = TreeStateManager.m; sourceTree = "<group>"; };
		790705B41698791700477903 /* PlaylistsTableView.h */ = {isa = PBXFileReference; fileEncoding = 4; lastKnownFileType = sourcecode.c.h; path = PlaylistsTableView.h; sourceTree = "<group>"; };
		790705B51698791700477903 /* PlaylistsTableView.m */ = {isa = PBXFileReference; fileEncoding = 4; lastKnownFileType = sourcecode.c.objc; path = PlaylistsTableView.m; sourceTree = "<group>"; };
		7909CEA0167DBDE80011E6A3 /* IOKit.framework */ = {isa = PBXFileReference; lastKnownFileType = wrapper.framework; name = IOKit.framework; path = System/Library/Frameworks/IOKit.framework; sourceTree = SDKROOT; };
		79242E1C16569A47006379D6 /* ID3Reader.h */ = {isa = PBXFileReference; fileEncoding = 4; lastKnownFileType = sourcecode.c.h; path = ID3Reader.h; sourceTree = "<group>"; };
		79242E1D16569A47006379D6 /* ID3Reader.m */ = {isa = PBXFileReference; fileEncoding = 4; lastKnownFileType = sourcecode.c.objc; path = ID3Reader.m; sourceTree = "<group>"; };
		79242E1F16569BA3006379D6 /* AudioToolbox.framework */ = {isa = PBXFileReference; lastKnownFileType = wrapper.framework; name = AudioToolbox.framework; path = System/Library/Frameworks/AudioToolbox.framework; sourceTree = SDKROOT; };
		79242E211656AB1B006379D6 /* LibraryFolder.h */ = {isa = PBXFileReference; fileEncoding = 4; lastKnownFileType = sourcecode.c.h; path = LibraryFolder.h; sourceTree = "<group>"; };
		79242E221656AB1C006379D6 /* LibraryFolder.m */ = {isa = PBXFileReference; fileEncoding = 4; lastKnownFileType = sourcecode.c.objc; path = LibraryFolder.m; sourceTree = "<group>"; };
		79242E2D1656B0CF006379D6 /* PreferencesWindowController.h */ = {isa = PBXFileReference; fileEncoding = 4; lastKnownFileType = sourcecode.c.h; path = PreferencesWindowController.h; sourceTree = "<group>"; };
		79242E2E1656B0CF006379D6 /* PreferencesWindowController.m */ = {isa = PBXFileReference; fileEncoding = 4; lastKnownFileType = sourcecode.c.objc; path = PreferencesWindowController.m; sourceTree = "<group>"; };
		79242E2F1656B0CF006379D6 /* PreferencesWindowController.xib */ = {isa = PBXFileReference; fileEncoding = 4; lastKnownFileType = file.xib; path = PreferencesWindowController.xib; sourceTree = "<group>"; };
		792DC195166B5D390003E664 /* Tags.h */ = {isa = PBXFileReference; fileEncoding = 4; lastKnownFileType = sourcecode.c.h; path = Tags.h; sourceTree = "<group>"; };
		792DC196166B5D390003E664 /* Tags.m */ = {isa = PBXFileReference; fileEncoding = 4; lastKnownFileType = sourcecode.c.objc; path = Tags.m; sourceTree = "<group>"; };
		792DC199166B6E5D0003E664 /* Tree.h */ = {isa = PBXFileReference; fileEncoding = 4; lastKnownFileType = sourcecode.c.h; path = Tree.h; sourceTree = "<group>"; };
		792DC19A166B6E5D0003E664 /* Tree.mm */ = {isa = PBXFileReference; fileEncoding = 4; lastKnownFileType = sourcecode.cpp.objcpp; path = Tree.mm; sourceTree = "<group>"; };
		795C20AC14377A3D00A61B21 /* Playlist.h */ = {isa = PBXFileReference; fileEncoding = 4; lastKnownFileType = sourcecode.c.h; path = Playlist.h; sourceTree = "<group>"; };
		795C20AD14377A3D00A61B21 /* Playlist.mm */ = {isa = PBXFileReference; fileEncoding = 4; lastKnownFileType = sourcecode.cpp.objcpp; path = Playlist.mm; sourceTree = "<group>"; };
		795C20CC14378D9600A61B21 /* PlaylistTableManager.h */ = {isa = PBXFileReference; fileEncoding = 4; lastKnownFileType = sourcecode.c.h; path = PlaylistTableManager.h; sourceTree = "<group>"; };
		795C20CD14378D9600A61B21 /* PlaylistTableManager.m */ = {isa = PBXFileReference; fileEncoding = 4; lastKnownFileType = sourcecode.c.objc; path = PlaylistTableManager.m; sourceTree = "<group>"; };
		799EF5EB16884D7000AD3A67 /* RescanProxy.h */ = {isa = PBXFileReference; fileEncoding = 4; lastKnownFileType = sourcecode.c.h; path = RescanProxy.h; sourceTree = "<group>"; };
		799EF5EC16884D7000AD3A67 /* RescanProxy.m */ = {isa = PBXFileReference; fileEncoding = 4; lastKnownFileType = sourcecode.c.objc; path = RescanProxy.m; sourceTree = "<group>"; };
		799EF5F0168863BE00AD3A67 /* TreeNode.h */ = {isa = PBXFileReference; fileEncoding = 4; lastKnownFileType = sourcecode.c.h; path = TreeNode.h; sourceTree = "<group>"; };
		79AF97E9145305C200BE8391 /* Player.h */ = {isa = PBXFileReference; fileEncoding = 4; lastKnownFileType = sourcecode.c.h; path = Player.h; sourceTree = "<group>"; };
		79AF97EA145305C200BE8391 /* Player.m */ = {isa = PBXFileReference; fileEncoding = 4; lastKnownFileType = sourcecode.c.objc; path = Player.m; sourceTree = "<group>"; };
		79B3706B149D21EA003372CB /* LastFM.h */ = {isa = PBXFileReference; fileEncoding = 4; lastKnownFileType = sourcecode.c.h; path = LastFM.h; sourceTree = "<group>"; };
		79B3706C149D21EA003372CB /* LastFM.m */ = {isa = PBXFileReference; fileEncoding = 4; lastKnownFileType = sourcecode.c.objc; path = LastFM.m; sourceTree = "<group>"; };
		79C2ACB3144AB39200C2699B /* PlaylistManager.h */ = {isa = PBXFileReference; fileEncoding = 4; lastKnownFileType = sourcecode.c.h; path = PlaylistManager.h; sourceTree = "<group>"; };
		79C2ACB4144AB39200C2699B /* PlaylistManager.m */ = {isa = PBXFileReference; fileEncoding = 4; lastKnownFileType = sourcecode.c.objc; path = PlaylistManager.m; sourceTree = "<group>"; };
		79D5760E1431074D00A2DA67 /* icon.icns */ = {isa = PBXFileReference; lastKnownFileType = image.icns; name = icon.icns; path = ../icon.icns; sourceTree = "<group>"; };
		79D63C63168C438100A248F9 /* RescanState.h */ = {isa = PBXFileReference; fileEncoding = 4; lastKnownFileType = sourcecode.c.h; path = RescanState.h; sourceTree = "<group>"; };
		79D63C64168C438100A248F9 /* RescanState.m */ = {isa = PBXFileReference; fileEncoding = 4; lastKnownFileType = sourcecode.c.objc; path = RescanState.m; sourceTree = "<group>"; };
		79D63C67168C88F900A248F9 /* DefaultsManager.h */ = {isa = PBXFileReference; fileEncoding = 4; lastKnownFileType = sourcecode.c.h; path = DefaultsManager.h; sourceTree = "<group>"; };
		79D63C68168C88F900A248F9 /* DefaultsManager.m */ = {isa = PBXFileReference; fileEncoding = 4; lastKnownFileType = sourcecode.c.objc; path = DefaultsManager.m; sourceTree = "<group>"; };
		79D83063168EE0F50000C8EF /* PlaylistPersistence.h */ = {isa = PBXFileReference; fileEncoding = 4; lastKnownFileType = sourcecode.c.h; path = PlaylistPersistence.h; sourceTree = "<group>"; };
		79D83064168EE0F50000C8EF /* PlaylistPersistence.m */ = {isa = PBXFileReference; fileEncoding = 4; lastKnownFileType = sourcecode.c.objc; path = PlaylistPersistence.m; sourceTree = "<group>"; };
		79D83067168EE1530000C8EF /* ResourcePath.h */ = {isa = PBXFileReference; fileEncoding = 4; lastKnownFileType = sourcecode.c.h; path = ResourcePath.h; sourceTree = "<group>"; };
		79D83068168EE1530000C8EF /* ResourcePath.m */ = {isa = PBXFileReference; fileEncoding = 4; lastKnownFileType = sourcecode.c.objc; path = ResourcePath.m; sourceTree = "<group>"; };
		79D8FFEC149DE5A3009B8955 /* Carbon.framework */ = {isa = PBXFileReference; lastKnownFileType = wrapper.framework; name = Carbon.framework; path = System/Library/Frameworks/Carbon.framework; sourceTree = SDKROOT; };
		79DCB7A8165FFB3B00077082 /* FilePlayer.h */ = {isa = PBXFileReference; fileEncoding = 4; lastKnownFileType = sourcecode.c.h; path = FilePlayer.h; sourceTree = "<group>"; };
		79DCB7A9165FFB3B00077082 /* FilePlayer.m */ = {isa = PBXFileReference; fileEncoding = 4; lastKnownFileType = sourcecode.c.objc; path = FilePlayer.m; sourceTree = "<group>"; };
		79DEAD60165BD81C0017E4DD /* PlaylistItem.h */ = {isa = PBXFileReference; fileEncoding = 4; lastKnownFileType = sourcecode.c.h; path = PlaylistItem.h; sourceTree = "<group>"; };
		79DEAD61165BD81C0017E4DD /* PlaylistItem.mm */ = {isa = PBXFileReference; fileEncoding = 4; lastKnownFileType = sourcecode.cpp.objcpp; path = PlaylistItem.mm; sourceTree = "<group>"; };
		79E98E181679A65B00559F14 /* TagsUtils.h */ = {isa = PBXFileReference; fileEncoding = 4; lastKnownFileType = sourcecode.c.h; path = TagsUtils.h; sourceTree = "<group>"; };
		79E98E191679A65B00559F14 /* TagsUtils.mm */ = {isa = PBXFileReference; fileEncoding = 4; lastKnownFileType = sourcecode.cpp.objcpp; path = TagsUtils.mm; sourceTree = "<group>"; };
		79EBAA8F16B834240038BC0F /* GlobalShortcuts.h */ = {isa = PBXFileReference; fileEncoding = 4; lastKnownFileType = sourcecode.c.h; path = GlobalShortcuts.h; sourceTree = "<group>"; };
		79EBAA9016B834240038BC0F /* GlobalShortcuts.m */ = {isa = PBXFileReference; fileEncoding = 4; lastKnownFileType = sourcecode.c.objc; path = GlobalShortcuts.m; sourceTree = "<group>"; };
		79EDE6391678EB6A0060F9F9 /* CoreServices.framework */ = {isa = PBXFileReference; lastKnownFileType = wrapper.framework; name = CoreServices.framework; path = System/Library/Frameworks/CoreServices.framework; sourceTree = SDKROOT; };
		79EDE63C1678EB9A0060F9F9 /* FolderWatcher.h */ = {isa = PBXFileReference; fileEncoding = 4; lastKnownFileType = sourcecode.c.h; path = FolderWatcher.h; sourceTree = "<group>"; };
		79EDE63D1678EB9A0060F9F9 /* FolderWatcher.m */ = {isa = PBXFileReference; fileEncoding = 4; lastKnownFileType = sourcecode.c.objc; path = FolderWatcher.m; sourceTree = "<group>"; };
		79F5BC0E14363BE10040DF35 /* LibraryOutlineViewManager.h */ = {isa = PBXFileReference; fileEncoding = 4; lastKnownFileType = sourcecode.c.h; path = LibraryOutlineViewManager.h; sourceTree = "<group>"; };
		79F5BC0F14363BE10040DF35 /* LibraryOutlineViewManager.m */ = {isa = PBXFileReference; fileEncoding = 4; lastKnownFileType = sourcecode.c.objc; path = LibraryOutlineViewManager.m; sourceTree = "<group>"; };
		79F69EAB1699684400693CE5 /* Defines.h */ = {isa = PBXFileReference; lastKnownFileType = sourcecode.c.h; path = Defines.h; sourceTree = "<group>"; };
		79F69EAD169969B400693CE5 /* DragDataConverter.h */ = {isa = PBXFileReference; fileEncoding = 4; lastKnownFileType = sourcecode.c.h; path = DragDataConverter.h; sourceTree = "<group>"; };
		79F69EAE169969B400693CE5 /* DragDataConverter.m */ = {isa = PBXFileReference; fileEncoding = 4; lastKnownFileType = sourcecode.c.objc; path = DragDataConverter.m; sourceTree = "<group>"; };
		79F69EB01699731200693CE5 /* NSObject+Observe.h */ = {isa = PBXFileReference; fileEncoding = 4; lastKnownFileType = sourcecode.c.h; path = "NSObject+Observe.h"; sourceTree = "<group>"; };
		79F69EB11699731200693CE5 /* NSObject+Observe.m */ = {isa = PBXFileReference; fileEncoding = 4; lastKnownFileType = sourcecode.c.objc; path = "NSObject+Observe.m"; sourceTree = "<group>"; };
		79F69EB7169999CD00693CE5 /* ShortcutBinder.h */ = {isa = PBXFileReference; fileEncoding = 4; lastKnownFileType = sourcecode.c.h; path = ShortcutBinder.h; sourceTree = "<group>"; };
		79F69EB8169999CD00693CE5 /* ShortcutBinder.m */ = {isa = PBXFileReference; fileEncoding = 4; lastKnownFileType = sourcecode.c.objc; path = ShortcutBinder.m; sourceTree = "<group>"; };
		79FF13F6142F18A500E27235 /* Martin.app */ = {isa = PBXFileReference; explicitFileType = wrapper.application; includeInIndex = 0; path = Martin.app; sourceTree = BUILT_PRODUCTS_DIR; };
		79FF13FA142F18A500E27235 /* Cocoa.framework */ = {isa = PBXFileReference; lastKnownFileType = wrapper.framework; name = Cocoa.framework; path = System/Library/Frameworks/Cocoa.framework; sourceTree = SDKROOT; };
		79FF13FD142F18A500E27235 /* AppKit.framework */ = {isa = PBXFileReference; lastKnownFileType = wrapper.framework; name = AppKit.framework; path = System/Library/Frameworks/AppKit.framework; sourceTree = SDKROOT; };
		79FF13FE142F18A500E27235 /* CoreData.framework */ = {isa = PBXFileReference; lastKnownFileType = wrapper.framework; name = CoreData.framework; path = System/Library/Frameworks/CoreData.framework; sourceTree = SDKROOT; };
		79FF13FF142F18A500E27235 /* Foundation.framework */ = {isa = PBXFileReference; lastKnownFileType = wrapper.framework; name = Foundation.framework; path = System/Library/Frameworks/Foundation.framework; sourceTree = SDKROOT; };
		79FF1402142F18A500E27235 /* Martin-Info.plist */ = {isa = PBXFileReference; lastKnownFileType = text.plist.xml; path = "Martin-Info.plist"; sourceTree = "<group>"; };
		79FF1404142F18A500E27235 /* en */ = {isa = PBXFileReference; lastKnownFileType = text.plist.strings; name = en; path = en.lproj/InfoPlist.strings; sourceTree = "<group>"; };
		79FF1406142F18A500E27235 /* main.m */ = {isa = PBXFileReference; lastKnownFileType = sourcecode.c.objc; path = main.m; sourceTree = "<group>"; };
		79FF1408142F18A500E27235 /* Martin-Prefix.pch */ = {isa = PBXFileReference; lastKnownFileType = sourcecode.c.h; path = "Martin-Prefix.pch"; sourceTree = "<group>"; };
		79FF140A142F18A500E27235 /* en */ = {isa = PBXFileReference; lastKnownFileType = text.rtf; name = en; path = en.lproj/Credits.rtf; sourceTree = "<group>"; };
		79FF140C142F18A500E27235 /* MartinAppDelegate.h */ = {isa = PBXFileReference; lastKnownFileType = sourcecode.c.h; path = MartinAppDelegate.h; sourceTree = "<group>"; };
		79FF140D142F18A500E27235 /* MartinAppDelegate.m */ = {isa = PBXFileReference; lastKnownFileType = sourcecode.c.objc; path = MartinAppDelegate.m; sourceTree = "<group>"; };
		79FF1410142F18A500E27235 /* en */ = {isa = PBXFileReference; lastKnownFileType = file.xib; name = en; path = en.lproj/MainMenu.xib; sourceTree = "<group>"; };
		79FF1420142F1DB100E27235 /* LibManager.h */ = {isa = PBXFileReference; fileEncoding = 4; lastKnownFileType = sourcecode.c.h; path = LibManager.h; sourceTree = "<group>"; };
		79FF1421142F1DB100E27235 /* LibManager.mm */ = {isa = PBXFileReference; fileEncoding = 4; lastKnownFileType = sourcecode.cpp.objcpp; path = LibManager.mm; sourceTree = "<group>"; };
/* End PBXFileReference section */

/* Begin PBXFrameworksBuildPhase section */
		79FF13F3142F18A500E27235 /* Frameworks */ = {
			isa = PBXFrameworksBuildPhase;
			buildActionMask = 2147483647;
			files = (
				7909CEA1167DBDE90011E6A3 /* IOKit.framework in Frameworks */,
				79EDE63A1678EB6A0060F9F9 /* CoreServices.framework in Frameworks */,
				79242E2016569BA3006379D6 /* AudioToolbox.framework in Frameworks */,
				79D8FFED149DE5A3009B8955 /* Carbon.framework in Frameworks */,
				79FF13FB142F18A500E27235 /* Cocoa.framework in Frameworks */,
			);
			runOnlyForDeploymentPostprocessing = 0;
		};
/* End PBXFrameworksBuildPhase section */

/* Begin PBXGroup section */
		7904597B168D7CD000FE0B68 /* Player */ = {
			isa = PBXGroup;
			children = (
				79AF97E9145305C200BE8391 /* Player.h */,
				79AF97EA145305C200BE8391 /* Player.m */,
				79DCB7A8165FFB3B00077082 /* FilePlayer.h */,
				79DCB7A9165FFB3B00077082 /* FilePlayer.m */,
			);
			name = Player;
			sourceTree = "<group>";
		};
		7904597F168D826700FE0B68 /* App */ = {
			isa = PBXGroup;
			children = (
				79FF140F142F18A500E27235 /* MainMenu.xib */,
				79242E2F1656B0CF006379D6 /* PreferencesWindowController.xib */,
				79FF140C142F18A500E27235 /* MartinAppDelegate.h */,
				79FF140D142F18A500E27235 /* MartinAppDelegate.m */,
				79F69EAB1699684400693CE5 /* Defines.h */,
			);
			name = App;
			sourceTree = "<group>";
		};
		79242E241656AB21006379D6 /* Library */ = {
			isa = PBXGroup;
			children = (
				79242E211656AB1B006379D6 /* LibraryFolder.h */,
				79242E221656AB1C006379D6 /* LibraryFolder.m */,
				79FF1420142F1DB100E27235 /* LibManager.h */,
				79FF1421142F1DB100E27235 /* LibManager.mm */,
				79242E1C16569A47006379D6 /* ID3Reader.h */,
				79242E1D16569A47006379D6 /* ID3Reader.m */,
				792DC199166B6E5D0003E664 /* Tree.h */,
				792DC19A166B6E5D0003E664 /* Tree.mm */,
				799EF5F0168863BE00AD3A67 /* TreeNode.h */,
				79EDE63C1678EB9A0060F9F9 /* FolderWatcher.h */,
				79EDE63D1678EB9A0060F9F9 /* FolderWatcher.m */,
				799EF5EB16884D7000AD3A67 /* RescanProxy.h */,
				799EF5EC16884D7000AD3A67 /* RescanProxy.m */,
				79D63C63168C438100A248F9 /* RescanState.h */,
				79D63C64168C438100A248F9 /* RescanState.m */,
			);
			name = Library;
			sourceTree = "<group>";
		};
		79C2ACB9144AB47D00C2699B /* UI */ = {
			isa = PBXGroup;
			children = (
				79242E2D1656B0CF006379D6 /* PreferencesWindowController.h */,
				79242E2E1656B0CF006379D6 /* PreferencesWindowController.m */,
				79F5BC0E14363BE10040DF35 /* LibraryOutlineViewManager.h */,
				79F5BC0F14363BE10040DF35 /* LibraryOutlineViewManager.m */,
				79C2ACB3144AB39200C2699B /* PlaylistManager.h */,
				79C2ACB4144AB39200C2699B /* PlaylistManager.m */,
				795C20CC14378D9600A61B21 /* PlaylistTableManager.h */,
				795C20CD14378D9600A61B21 /* PlaylistTableManager.m */,
				790705B41698791700477903 /* PlaylistsTableView.h */,
				790705B51698791700477903 /* PlaylistsTableView.m */,
			);
			name = UI;
			sourceTree = "<group>";
		};
		79C2ACBA144AB48C00C2699B /* Resources */ = {
			isa = PBXGroup;
			children = (
				79D5760E1431074D00A2DA67 /* icon.icns */,
			);
			name = Resources;
			sourceTree = "<group>";
		};
		79DAD732165BEC27004AA7B9 /* Misc */ = {
			isa = PBXGroup;
			children = (
				79F69EB01699731200693CE5 /* NSObject+Observe.h */,
				79F69EB11699731200693CE5 /* NSObject+Observe.m */,
				79B3706B149D21EA003372CB /* LastFM.h */,
				79B3706C149D21EA003372CB /* LastFM.m */,
				79D63C67168C88F900A248F9 /* DefaultsManager.h */,
				79D63C68168C88F900A248F9 /* DefaultsManager.m */,
				7904597C168D7D0800FE0B68 /* TreeStateManager.h */,
				7904597D168D7D0900FE0B68 /* TreeStateManager.m */,
				79D83063168EE0F50000C8EF /* PlaylistPersistence.h */,
				79D83064168EE0F50000C8EF /* PlaylistPersistence.m */,
				79D83067168EE1530000C8EF /* ResourcePath.h */,
				79D83068168EE1530000C8EF /* ResourcePath.m */,
				79F69EAD169969B400693CE5 /* DragDataConverter.h */,
				79F69EAE169969B400693CE5 /* DragDataConverter.m */,
			);
			name = Misc;
			sourceTree = "<group>";
		};
		79F69EB31699944800693CE5 /* Keyboard Shortcuts */ = {
			isa = PBXGroup;
			children = (
				79F69EB7169999CD00693CE5 /* ShortcutBinder.h */,
				79F69EB8169999CD00693CE5 /* ShortcutBinder.m */,
				79EBAA8F16B834240038BC0F /* GlobalShortcuts.h */,
				79EBAA9016B834240038BC0F /* GlobalShortcuts.m */,
			);
			name = "Keyboard Shortcuts";
			sourceTree = "<group>";
		};
		79FF13EB142F18A400E27235 = {
			isa = PBXGroup;
			children = (
				79FF1400142F18A500E27235 /* Martin */,
				79FF13F9142F18A500E27235 /* Frameworks */,
				79FF13F7142F18A500E27235 /* Products */,
			);
			sourceTree = "<group>";
		};
		79FF13F7142F18A500E27235 /* Products */ = {
			isa = PBXGroup;
			children = (
				79FF13F6142F18A500E27235 /* Martin.app */,
			);
			name = Products;
			sourceTree = "<group>";
		};
		79FF13F9142F18A500E27235 /* Frameworks */ = {
			isa = PBXGroup;
			children = (
				7909CEA0167DBDE80011E6A3 /* IOKit.framework */,
				79EDE6391678EB6A0060F9F9 /* CoreServices.framework */,
				79242E1F16569BA3006379D6 /* AudioToolbox.framework */,
				79FF13FD142F18A500E27235 /* AppKit.framework */,
				79FF13FE142F18A500E27235 /* CoreData.framework */,
				79FF13FF142F18A500E27235 /* Foundation.framework */,
				79D8FFEC149DE5A3009B8955 /* Carbon.framework */,
				79FF13FA142F18A500E27235 /* Cocoa.framework */,
			);
			name = Frameworks;
			sourceTree = "<group>";
		};
		79FF1400142F18A500E27235 /* Martin */ = {
			isa = PBXGroup;
			children = (
				7904597F168D826700FE0B68 /* App */,
				79C2ACB9144AB47D00C2699B /* UI */,
				79F69EB31699944800693CE5 /* Keyboard Shortcuts */,
				79242E241656AB21006379D6 /* Library */,
				7904597B168D7CD000FE0B68 /* Player */,
				79FF1417142F18BA00E27235 /* Model */,
				79DAD732165BEC27004AA7B9 /* Misc */,
				79C2ACBA144AB48C00C2699B /* Resources */,
				79FF1401142F18A500E27235 /* Supporting Files */,
			);
			path = Martin;
			sourceTree = "<group>";
		};
		79FF1401142F18A500E27235 /* Supporting Files */ = {
			isa = PBXGroup;
			children = (
				79FF1402142F18A500E27235 /* Martin-Info.plist */,
				79FF1403142F18A500E27235 /* InfoPlist.strings */,
				79FF1406142F18A500E27235 /* main.m */,
				79FF1408142F18A500E27235 /* Martin-Prefix.pch */,
				79FF1409142F18A500E27235 /* Credits.rtf */,
			);
			name = "Supporting Files";
			sourceTree = "<group>";
		};
		79FF1417142F18BA00E27235 /* Model */ = {
			isa = PBXGroup;
			children = (
				79E98E181679A65B00559F14 /* TagsUtils.h */,
				79E98E191679A65B00559F14 /* TagsUtils.mm */,
				792DC195166B5D390003E664 /* Tags.h */,
				792DC196166B5D390003E664 /* Tags.m */,
				795C20AC14377A3D00A61B21 /* Playlist.h */,
				795C20AD14377A3D00A61B21 /* Playlist.mm */,
				79DEAD60165BD81C0017E4DD /* PlaylistItem.h */,
				79DEAD61165BD81C0017E4DD /* PlaylistItem.mm */,
			);
			name = Model;
			sourceTree = "<group>";
		};
/* End PBXGroup section */

/* Begin PBXNativeTarget section */
		79FF13F5142F18A500E27235 /* Martin */ = {
			isa = PBXNativeTarget;
			buildConfigurationList = 79FF1414142F18A500E27235 /* Build configuration list for PBXNativeTarget "Martin" */;
			buildPhases = (
				79FF13F2142F18A500E27235 /* Sources */,
				79FF13F3142F18A500E27235 /* Frameworks */,
				79FF13F4142F18A500E27235 /* Resources */,
			);
			buildRules = (
			);
			dependencies = (
			);
			name = Martin;
			productName = Martin;
			productReference = 79FF13F6142F18A500E27235 /* Martin.app */;
			productType = "com.apple.product-type.application";
		};
/* End PBXNativeTarget section */

/* Begin PBXProject section */
		79FF13ED142F18A400E27235 /* Project object */ = {
			isa = PBXProject;
			attributes = {
				LastUpgradeCheck = 0450;
			};
			buildConfigurationList = 79FF13F0142F18A400E27235 /* Build configuration list for PBXProject "Martin" */;
			compatibilityVersion = "Xcode 3.2";
			developmentRegion = English;
			hasScannedForEncodings = 0;
			knownRegions = (
				en,
			);
			mainGroup = 79FF13EB142F18A400E27235;
			productRefGroup = 79FF13F7142F18A500E27235 /* Products */;
			projectDirPath = "";
			projectRoot = "";
			targets = (
				79FF13F5142F18A500E27235 /* Martin */,
			);
		};
/* End PBXProject section */

/* Begin PBXResourcesBuildPhase section */
		79FF13F4142F18A500E27235 /* Resources */ = {
			isa = PBXResourcesBuildPhase;
			buildActionMask = 2147483647;
			files = (
				79FF1405142F18A500E27235 /* InfoPlist.strings in Resources */,
				79FF140B142F18A500E27235 /* Credits.rtf in Resources */,
				79FF1411142F18A500E27235 /* MainMenu.xib in Resources */,
				79D5760F1431074D00A2DA67 /* icon.icns in Resources */,
				79242E311656B0CF006379D6 /* PreferencesWindowController.xib in Resources */,
			);
			runOnlyForDeploymentPostprocessing = 0;
		};
/* End PBXResourcesBuildPhase section */

/* Begin PBXSourcesBuildPhase section */
		79FF13F2142F18A500E27235 /* Sources */ = {
			isa = PBXSourcesBuildPhase;
			buildActionMask = 2147483647;
			files = (
				79E98E1A1679A65B00559F14 /* TagsUtils.mm in Sources */,
				79FF1407142F18A500E27235 /* main.m in Sources */,
				79FF140E142F18A500E27235 /* MartinAppDelegate.m in Sources */,
				79FF1422142F1DB100E27235 /* LibManager.mm in Sources */,
				79F5BC1014363BE10040DF35 /* LibraryOutlineViewManager.m in Sources */,
				795C20AE14377A3E00A61B21 /* Playlist.mm in Sources */,
				795C20CE14378D9600A61B21 /* PlaylistTableManager.m in Sources */,
				79C2ACB5144AB39200C2699B /* PlaylistManager.m in Sources */,
				79AF97EB145305C200BE8391 /* Player.m in Sources */,
				79B3706D149D21EA003372CB /* LastFM.m in Sources */,
				79242E1E16569A47006379D6 /* ID3Reader.m in Sources */,
				79242E231656AB1C006379D6 /* LibraryFolder.m in Sources */,
				79242E301656B0CF006379D6 /* PreferencesWindowController.m in Sources */,
				79DEAD62165BD81C0017E4DD /* PlaylistItem.mm in Sources */,
				79DCB7AA165FFB3B00077082 /* FilePlayer.m in Sources */,
				792DC197166B5D390003E664 /* Tags.m in Sources */,
				792DC19B166B6E5D0003E664 /* Tree.mm in Sources */,
				79EDE63E1678EB9A0060F9F9 /* FolderWatcher.m in Sources */,
				799EF5ED16884D7000AD3A67 /* RescanProxy.m in Sources */,
				79D63C65168C438100A248F9 /* RescanState.m in Sources */,
				79D63C69168C88F900A248F9 /* DefaultsManager.m in Sources */,
				7904597E168D7D0900FE0B68 /* TreeStateManager.m in Sources */,
				79D83065168EE0F50000C8EF /* PlaylistPersistence.m in Sources */,
				79D83069168EE1530000C8EF /* ResourcePath.m in Sources */,
				790705B61698791700477903 /* PlaylistsTableView.m in Sources */,
				79F69EAF169969B400693CE5 /* DragDataConverter.m in Sources */,
				79F69EB21699731200693CE5 /* NSObject+Observe.m in Sources */,
				79F69EB9169999CD00693CE5 /* ShortcutBinder.m in Sources */,
				79EBAA9116B834240038BC0F /* GlobalShortcuts.m in Sources */,
			);
			runOnlyForDeploymentPostprocessing = 0;
		};
/* End PBXSourcesBuildPhase section */

/* Begin PBXVariantGroup section */
		79FF1403142F18A500E27235 /* InfoPlist.strings */ = {
			isa = PBXVariantGroup;
			children = (
				79FF1404142F18A500E27235 /* en */,
			);
			name = InfoPlist.strings;
			sourceTree = "<group>";
		};
		79FF1409142F18A500E27235 /* Credits.rtf */ = {
			isa = PBXVariantGroup;
			children = (
				79FF140A142F18A500E27235 /* en */,
			);
			name = Credits.rtf;
			sourceTree = "<group>";
		};
		79FF140F142F18A500E27235 /* MainMenu.xib */ = {
			isa = PBXVariantGroup;
			children = (
				79FF1410142F18A500E27235 /* en */,
			);
			name = MainMenu.xib;
			sourceTree = "<group>";
		};
/* End PBXVariantGroup section */

/* Begin XCBuildConfiguration section */
		79FF1412142F18A500E27235 /* Debug */ = {
			isa = XCBuildConfiguration;
			buildSettings = {
				ALWAYS_SEARCH_USER_PATHS = NO;
				ARCHS = "$(ARCHS_STANDARD_64_BIT)";
				COPY_PHASE_STRIP = NO;
				GCC_C_LANGUAGE_STANDARD = gnu99;
				GCC_DYNAMIC_NO_PIC = NO;
				GCC_ENABLE_OBJC_EXCEPTIONS = YES;
				GCC_OPTIMIZATION_LEVEL = 0;
				GCC_PREPROCESSOR_DEFINITIONS = (
					"DEBUG=1",
					"$(inherited)",
				);
				GCC_SYMBOLS_PRIVATE_EXTERN = NO;
				GCC_VERSION = com.apple.compilers.llvm.clang.1_0;
				GCC_WARN_64_TO_32_BIT_CONVERSION = YES;
				GCC_WARN_ABOUT_MISSING_PROTOTYPES = YES;
				GCC_WARN_ABOUT_RETURN_TYPE = YES;
				GCC_WARN_UNUSED_VARIABLE = YES;
				MACOSX_DEPLOYMENT_TARGET = 10.7;
				ONLY_ACTIVE_ARCH = YES;
				SDKROOT = macosx;
			};
			name = Debug;
		};
		79FF1413142F18A500E27235 /* Release */ = {
			isa = XCBuildConfiguration;
			buildSettings = {
				ALWAYS_SEARCH_USER_PATHS = NO;
				ARCHS = "$(ARCHS_STANDARD_64_BIT)";
				COPY_PHASE_STRIP = YES;
				DEBUG_INFORMATION_FORMAT = "dwarf-with-dsym";
				GCC_C_LANGUAGE_STANDARD = gnu99;
				GCC_ENABLE_OBJC_EXCEPTIONS = YES;
				GCC_VERSION = com.apple.compilers.llvm.clang.1_0;
				GCC_WARN_64_TO_32_BIT_CONVERSION = YES;
				GCC_WARN_ABOUT_MISSING_PROTOTYPES = YES;
				GCC_WARN_ABOUT_RETURN_TYPE = YES;
				GCC_WARN_UNUSED_VARIABLE = YES;
				MACOSX_DEPLOYMENT_TARGET = 10.7;
				SDKROOT = macosx;
			};
			name = Release;
		};
		79FF1415142F18A500E27235 /* Debug */ = {
			isa = XCBuildConfiguration;
			buildSettings = {
				CLANG_CXX_LANGUAGE_STANDARD = "c++0x";
				CLANG_CXX_LIBRARY = "libstdc++";
				CLANG_ENABLE_OBJC_ARC = YES;
				COMBINE_HIDPI_IMAGES = YES;
				GCC_ENABLE_OBJC_GC = unsupported;
				GCC_PRECOMPILE_PREFIX_HEADER = YES;
				GCC_PREFIX_HEADER = "Martin/Martin-Prefix.pch";
				INFOPLIST_FILE = "Martin/Martin-Info.plist";
				MACOSX_DEPLOYMENT_TARGET = 10.6.8;
				PRODUCT_NAME = "$(TARGET_NAME)";
				WRAPPER_EXTENSION = app;
			};
			name = Debug;
		};
		79FF1416142F18A500E27235 /* Release */ = {
			isa = XCBuildConfiguration;
			buildSettings = {
				CLANG_CXX_LANGUAGE_STANDARD = "c++0x";
				CLANG_CXX_LIBRARY = "libstdc++";
				CLANG_ENABLE_OBJC_ARC = YES;
				COMBINE_HIDPI_IMAGES = YES;
				GCC_ENABLE_OBJC_GC = unsupported;
				GCC_PRECOMPILE_PREFIX_HEADER = YES;
				GCC_PREFIX_HEADER = "Martin/Martin-Prefix.pch";
				INFOPLIST_FILE = "Martin/Martin-Info.plist";
				MACOSX_DEPLOYMENT_TARGET = 10.6.8;
				PRODUCT_NAME = "$(TARGET_NAME)";
				WRAPPER_EXTENSION = app;
			};
			name = Release;
		};
/* End XCBuildConfiguration section */

/* Begin XCConfigurationList section */
		79FF13F0142F18A400E27235 /* Build configuration list for PBXProject "Martin" */ = {
			isa = XCConfigurationList;
			buildConfigurations = (
				79FF1412142F18A500E27235 /* Debug */,
				79FF1413142F18A500E27235 /* Release */,
			);
			defaultConfigurationIsVisible = 0;
			defaultConfigurationName = Release;
		};
		79FF1414142F18A500E27235 /* Build configuration list for PBXNativeTarget "Martin" */ = {
			isa = XCConfigurationList;
			buildConfigurations = (
				79FF1415142F18A500E27235 /* Debug */,
				79FF1416142F18A500E27235 /* Release */,
			);
			defaultConfigurationIsVisible = 0;
			defaultConfigurationName = Release;
		};
/* End XCConfigurationList section */
	};
	rootObject = 79FF13ED142F18A400E27235 /* Project object */;
}
